
Microsoft Visual Studio Solution File, Format Version 12.00
# Visual Studio Version 17
VisualStudioVersion = 17.9.34622.214
MinimumVisualStudioVersion = 10.0.40219.1
Project("{FAE04EC0-301F-11D3-BF4B-00C04F79EFBC}") = "DymapticHomework", "DymapticHomework\DymapticHomework.csproj", "{101EC47B-78CE-465D-88EF-F573FBE3C476}"
EndProject
Global
	GlobalSection(SolutionConfigurationPlatforms) = preSolution
		Debug|Any CPU = Debug|Any CPU
		Release|Any CPU = Release|Any CPU
	EndGlobalSection
	GlobalSection(ProjectConfigurationPlatforms) = postSolution
		{101EC47B-78CE-465D-88EF-F573FBE3C476}.Debug|Any CPU.ActiveCfg = Debug|Any CPU
		{101EC47B-78CE-465D-88EF-F573FBE3C476}.Debug|Any CPU.Build.0 = Debug|Any CPU
		{101EC47B-78CE-465D-88EF-F573FBE3C476}.Release|Any CPU.ActiveCfg = Release|Any CPU
		{101EC47B-78CE-465D-88EF-F573FBE3C476}.Release|Any CPU.Build.0 = Release|Any CPU
	EndGlobalSection
	GlobalSection(SolutionProperties) = preSolution
		HideSolutionNode = FALSE
	EndGlobalSection
	GlobalSection(ExtensibilityGlobals) = postSolution
		SolutionGuid = {50484B31-3F05-4A83-B992-745A94902A96}
	EndGlobalSection
EndGlobal
